
Microsoft Visual Studio Solution File, Format Version 12.00
Project("{2150E333-8FDC-42A3-9474-1A3956D46DE8}") = "src", "src", "{175687FA-4EF3-499F-B68E-FA89AE299700}"
EndProject
Project("{2150E333-8FDC-42A3-9474-1A3956D46DE8}") = "Users", "Users", "{2C169DD3-ABC0-1D6E-217C-A08B89BDF4EC}"
EndProject
Project("{FAE04EC0-301F-11D3-BF4B-00C04F79EFBC}") = "Lash.Users.Application", "src\Users\Lash.Users.Application\Lash.Users.Application.csproj", "{524CD3AA-FDFE-441B-BE4C-9EE8CC707F5B}"
EndProject
Project("{FAE04EC0-301F-11D3-BF4B-00C04F79EFBC}") = "Lash.Users.Domain", "src\Users\Lash.Users.Domain\Lash.Users.Domain.csproj", "{66CFCE97-62DE-452E-BE55-A70DEBC6C4D8}"
EndProject
Project("{FAE04EC0-301F-11D3-BF4B-00C04F79EFBC}") = "Lash.Users.Infrastructure", "src\Users\Lash.Users.Infrastructure\Lash.Users.Infrastructure.csproj", "{F84402E6-4502-4523-B419-6229F946F0D2}"
EndProject
Project("{FAE04EC0-301F-11D3-BF4B-00C04F79EFBC}") = "Lash.Users.Presentation", "src\Users\Lash.Users.Presentation\Lash.Users.Presentation.csproj", "{0B806853-196A-45B8-AF15-D0D74F4AF149}"
EndProject
Project("{FAE04EC0-301F-11D3-BF4B-00C04F79EFBC}") = "Lash.Users.Contracts", "src\Users\Lash.Users.Contracts\Lash.Users.Contracts.csproj", "{9F860D30-D125-4E1F-8801-BE9C49AE13F3}"
EndProject
Project("{2150E333-8FDC-42A3-9474-1A3956D46DE8}") = "tests", "tests", "{0AB3BF05-4346-4AA6-1389-037BE0695223}"
EndProject
Project("{2150E333-8FDC-42A3-9474-1A3956D46DE8}") = "Users", "Users", "{553D81D4-666B-BE26-75F9-480CB214ACEE}"
EndProject
Project("{FAE04EC0-301F-11D3-BF4B-00C04F79EFBC}") = "Lash.Users.UnitTests", "tests\Users\Lash.Users.UnitTests\Lash.Users.UnitTests.csproj", "{ACF68DC6-9999-4BC2-AB06-4FC17D387D4C}"
EndProject
Project("{FAE04EC0-301F-11D3-BF4B-00C04F79EFBC}") = "Lash.Web", "src\Lash.Web\Lash.Web.csproj", "{C979CFD4-EB13-4ED4-8178-58C7EC7C208E}"
EndProject
Project("{FAE04EC0-301F-11D3-BF4B-00C04F79EFBC}") = "Lash.Web.UnitTests", "tests\Lash.Web.UnitTests\Lash.Web.UnitTests.csproj", "{EEF99AF8-20A8-486A-9223-332426511A2C}"
EndProject
Project("{FAE04EC0-301F-11D3-BF4B-00C04F79EFBC}") = "Lash.Web.IntegrationTests", "tests\Lash.Web.IntegrationTests\Lash.Web.IntegrationTests.csproj", "{DF6BF39D-6CCE-4B1D-9AB9-20812CB16C0A}"
EndProject
Global
	GlobalSection(SolutionConfigurationPlatforms) = preSolution
		Debug|Any CPU = Debug|Any CPU
		Debug|x64 = Debug|x64
		Debug|x86 = Debug|x86
		Release|Any CPU = Release|Any CPU
		Release|x64 = Release|x64
		Release|x86 = Release|x86
	EndGlobalSection
	GlobalSection(ProjectConfigurationPlatforms) = postSolution
		{524CD3AA-FDFE-441B-BE4C-9EE8CC707F5B}.Debug|Any CPU.ActiveCfg = Debug|Any CPU
		{524CD3AA-FDFE-441B-BE4C-9EE8CC707F5B}.Debug|Any CPU.Build.0 = Debug|Any CPU
		{524CD3AA-FDFE-441B-BE4C-9EE8CC707F5B}.Debug|x64.ActiveCfg = Debug|Any CPU
		{524CD3AA-FDFE-441B-BE4C-9EE8CC707F5B}.Debug|x64.Build.0 = Debug|Any CPU
		{524CD3AA-FDFE-441B-BE4C-9EE8CC707F5B}.Debug|x86.ActiveCfg = Debug|Any CPU
		{524CD3AA-FDFE-441B-BE4C-9EE8CC707F5B}.Debug|x86.Build.0 = Debug|Any CPU
		{524CD3AA-FDFE-441B-BE4C-9EE8CC707F5B}.Release|Any CPU.ActiveCfg = Release|Any CPU
		{524CD3AA-FDFE-441B-BE4C-9EE8CC707F5B}.Release|Any CPU.Build.0 = Release|Any CPU
		{524CD3AA-FDFE-441B-BE4C-9EE8CC707F5B}.Release|x64.ActiveCfg = Release|Any CPU
		{524CD3AA-FDFE-441B-BE4C-9EE8CC707F5B}.Release|x64.Build.0 = Release|Any CPU
		{524CD3AA-FDFE-441B-BE4C-9EE8CC707F5B}.Release|x86.ActiveCfg = Release|Any CPU
		{524CD3AA-FDFE-441B-BE4C-9EE8CC707F5B}.Release|x86.Build.0 = Release|Any CPU
		{66CFCE97-62DE-452E-BE55-A70DEBC6C4D8}.Debug|Any CPU.ActiveCfg = Debug|Any CPU
		{66CFCE97-62DE-452E-BE55-A70DEBC6C4D8}.Debug|Any CPU.Build.0 = Debug|Any CPU
		{66CFCE97-62DE-452E-BE55-A70DEBC6C4D8}.Debug|x64.ActiveCfg = Debug|Any CPU
		{66CFCE97-62DE-452E-BE55-A70DEBC6C4D8}.Debug|x64.Build.0 = Debug|Any CPU
		{66CFCE97-62DE-452E-BE55-A70DEBC6C4D8}.Debug|x86.ActiveCfg = Debug|Any CPU
		{66CFCE97-62DE-452E-BE55-A70DEBC6C4D8}.Debug|x86.Build.0 = Debug|Any CPU
		{66CFCE97-62DE-452E-BE55-A70DEBC6C4D8}.Release|Any CPU.ActiveCfg = Release|Any CPU
		{66CFCE97-62DE-452E-BE55-A70DEBC6C4D8}.Release|Any CPU.Build.0 = Release|Any CPU
		{66CFCE97-62DE-452E-BE55-A70DEBC6C4D8}.Release|x64.ActiveCfg = Release|Any CPU
		{66CFCE97-62DE-452E-BE55-A70DEBC6C4D8}.Release|x64.Build.0 = Release|Any CPU
		{66CFCE97-62DE-452E-BE55-A70DEBC6C4D8}.Release|x86.ActiveCfg = Release|Any CPU
		{66CFCE97-62DE-452E-BE55-A70DEBC6C4D8}.Release|x86.Build.0 = Release|Any CPU
		{F84402E6-4502-4523-B419-6229F946F0D2}.Debug|Any CPU.ActiveCfg = Debug|Any CPU
		{F84402E6-4502-4523-B419-6229F946F0D2}.Debug|Any CPU.Build.0 = Debug|Any CPU
		{F84402E6-4502-4523-B419-6229F946F0D2}.Debug|x64.ActiveCfg = Debug|Any CPU
		{F84402E6-4502-4523-B419-6229F946F0D2}.Debug|x64.Build.0 = Debug|Any CPU
		{F84402E6-4502-4523-B419-6229F946F0D2}.Debug|x86.ActiveCfg = Debug|Any CPU
		{F84402E6-4502-4523-B419-6229F946F0D2}.Debug|x86.Build.0 = Debug|Any CPU
		{F84402E6-4502-4523-B419-6229F946F0D2}.Release|Any CPU.ActiveCfg = Release|Any CPU
		{F84402E6-4502-4523-B419-6229F946F0D2}.Release|Any CPU.Build.0 = Release|Any CPU
		{F84402E6-4502-4523-B419-6229F946F0D2}.Release|x64.ActiveCfg = Release|Any CPU
		{F84402E6-4502-4523-B419-6229F946F0D2}.Release|x64.Build.0 = Release|Any CPU
		{F84402E6-4502-4523-B419-6229F946F0D2}.Release|x86.ActiveCfg = Release|Any CPU
		{F84402E6-4502-4523-B419-6229F946F0D2}.Release|x86.Build.0 = Release|Any CPU
		{0B806853-196A-45B8-AF15-D0D74F4AF149}.Debug|Any CPU.ActiveCfg = Debug|Any CPU
		{0B806853-196A-45B8-AF15-D0D74F4AF149}.Debug|Any CPU.Build.0 = Debug|Any CPU
		{0B806853-196A-45B8-AF15-D0D74F4AF149}.Debug|x64.ActiveCfg = Debug|Any CPU
		{0B806853-196A-45B8-AF15-D0D74F4AF149}.Debug|x64.Build.0 = Debug|Any CPU
		{0B806853-196A-45B8-AF15-D0D74F4AF149}.Debug|x86.ActiveCfg = Debug|Any CPU
		{0B806853-196A-45B8-AF15-D0D74F4AF149}.Debug|x86.Build.0 = Debug|Any CPU
		{0B806853-196A-45B8-AF15-D0D74F4AF149}.Release|Any CPU.ActiveCfg = Release|Any CPU
		{0B806853-196A-45B8-AF15-D0D74F4AF149}.Release|Any CPU.Build.0 = Release|Any CPU
		{0B806853-196A-45B8-AF15-D0D74F4AF149}.Release|x64.ActiveCfg = Release|Any CPU
		{0B806853-196A-45B8-AF15-D0D74F4AF149}.Release|x64.Build.0 = Release|Any CPU
		{0B806853-196A-45B8-AF15-D0D74F4AF149}.Release|x86.ActiveCfg = Release|Any CPU
		{0B806853-196A-45B8-AF15-D0D74F4AF149}.Release|x86.Build.0 = Release|Any CPU
		{9F860D30-D125-4E1F-8801-BE9C49AE13F3}.Debug|Any CPU.ActiveCfg = Debug|Any CPU
		{9F860D30-D125-4E1F-8801-BE9C49AE13F3}.Debug|Any CPU.Build.0 = Debug|Any CPU
		{9F860D30-D125-4E1F-8801-BE9C49AE13F3}.Debug|x64.ActiveCfg = Debug|Any CPU
		{9F860D30-D125-4E1F-8801-BE9C49AE13F3}.Debug|x64.Build.0 = Debug|Any CPU
		{9F860D30-D125-4E1F-8801-BE9C49AE13F3}.Debug|x86.ActiveCfg = Debug|Any CPU
		{9F860D30-D125-4E1F-8801-BE9C49AE13F3}.Debug|x86.Build.0 = Debug|Any CPU
		{9F860D30-D125-4E1F-8801-BE9C49AE13F3}.Release|Any CPU.ActiveCfg = Release|Any CPU
		{9F860D30-D125-4E1F-8801-BE9C49AE13F3}.Release|Any CPU.Build.0 = Release|Any CPU
		{9F860D30-D125-4E1F-8801-BE9C49AE13F3}.Release|x64.ActiveCfg = Release|Any CPU
		{9F860D30-D125-4E1F-8801-BE9C49AE13F3}.Release|x64.Build.0 = Release|Any CPU
		{9F860D30-D125-4E1F-8801-BE9C49AE13F3}.Release|x86.ActiveCfg = Release|Any CPU
		{9F860D30-D125-4E1F-8801-BE9C49AE13F3}.Release|x86.Build.0 = Release|Any CPU
		{ACF68DC6-9999-4BC2-AB06-4FC17D387D4C}.Debug|Any CPU.ActiveCfg = Debug|Any CPU
		{ACF68DC6-9999-4BC2-AB06-4FC17D387D4C}.Debug|Any CPU.Build.0 = Debug|Any CPU
		{ACF68DC6-9999-4BC2-AB06-4FC17D387D4C}.Debug|x64.ActiveCfg = Debug|Any CPU
		{ACF68DC6-9999-4BC2-AB06-4FC17D387D4C}.Debug|x64.Build.0 = Debug|Any CPU
		{ACF68DC6-9999-4BC2-AB06-4FC17D387D4C}.Debug|x86.ActiveCfg = Debug|Any CPU
		{ACF68DC6-9999-4BC2-AB06-4FC17D387D4C}.Debug|x86.Build.0 = Debug|Any CPU
		{ACF68DC6-9999-4BC2-AB06-4FC17D387D4C}.Release|Any CPU.ActiveCfg = Release|Any CPU
		{ACF68DC6-9999-4BC2-AB06-4FC17D387D4C}.Release|Any CPU.Build.0 = Release|Any CPU
		{ACF68DC6-9999-4BC2-AB06-4FC17D387D4C}.Release|x64.ActiveCfg = Release|Any CPU
		{ACF68DC6-9999-4BC2-AB06-4FC17D387D4C}.Release|x64.Build.0 = Release|Any CPU
		{ACF68DC6-9999-4BC2-AB06-4FC17D387D4C}.Release|x86.ActiveCfg = Release|Any CPU
		{ACF68DC6-9999-4BC2-AB06-4FC17D387D4C}.Release|x86.Build.0 = Release|Any CPU
		{C979CFD4-EB13-4ED4-8178-58C7EC7C208E}.Debug|Any CPU.ActiveCfg = Debug|Any CPU
		{C979CFD4-EB13-4ED4-8178-58C7EC7C208E}.Debug|Any CPU.Build.0 = Debug|Any CPU
		{C979CFD4-EB13-4ED4-8178-58C7EC7C208E}.Debug|x64.ActiveCfg = Debug|Any CPU
		{C979CFD4-EB13-4ED4-8178-58C7EC7C208E}.Debug|x64.Build.0 = Debug|Any CPU
		{C979CFD4-EB13-4ED4-8178-58C7EC7C208E}.Debug|x86.ActiveCfg = Debug|Any CPU
		{C979CFD4-EB13-4ED4-8178-58C7EC7C208E}.Debug|x86.Build.0 = Debug|Any CPU
		{C979CFD4-EB13-4ED4-8178-58C7EC7C208E}.Release|Any CPU.ActiveCfg = Release|Any CPU
		{C979CFD4-EB13-4ED4-8178-58C7EC7C208E}.Release|Any CPU.Build.0 = Release|Any CPU
		{C979CFD4-EB13-4ED4-8178-58C7EC7C208E}.Release|x64.ActiveCfg = Release|Any CPU
		{C979CFD4-EB13-4ED4-8178-58C7EC7C208E}.Release|x64.Build.0 = Release|Any CPU
		{C979CFD4-EB13-4ED4-8178-58C7EC7C208E}.Release|x86.ActiveCfg = Release|Any CPU
		{C979CFD4-EB13-4ED4-8178-58C7EC7C208E}.Release|x86.Build.0 = Release|Any CPU
		{EEF99AF8-20A8-486A-9223-332426511A2C}.Debug|Any CPU.ActiveCfg = Debug|Any CPU
		{EEF99AF8-20A8-486A-9223-332426511A2C}.Debug|Any CPU.Build.0 = Debug|Any CPU
		{EEF99AF8-20A8-486A-9223-332426511A2C}.Debug|x64.ActiveCfg = Debug|Any CPU
		{EEF99AF8-20A8-486A-9223-332426511A2C}.Debug|x64.Build.0 = Debug|Any CPU
		{EEF99AF8-20A8-486A-9223-332426511A2C}.Debug|x86.ActiveCfg = Debug|Any CPU
		{EEF99AF8-20A8-486A-9223-332426511A2C}.Debug|x86.Build.0 = Debug|Any CPU
		{EEF99AF8-20A8-486A-9223-332426511A2C}.Release|Any CPU.ActiveCfg = Release|Any CPU
		{EEF99AF8-20A8-486A-9223-332426511A2C}.Release|Any CPU.Build.0 = Release|Any CPU
		{EEF99AF8-20A8-486A-9223-332426511A2C}.Release|x64.ActiveCfg = Release|Any CPU
		{EEF99AF8-20A8-486A-9223-332426511A2C}.Release|x64.Build.0 = Release|Any CPU
		{EEF99AF8-20A8-486A-9223-332426511A2C}.Release|x86.ActiveCfg = Release|Any CPU
		{EEF99AF8-20A8-486A-9223-332426511A2C}.Release|x86.Build.0 = Release|Any CPU
		{DF6BF39D-6CCE-4B1D-9AB9-20812CB16C0A}.Debug|Any CPU.ActiveCfg = Debug|Any CPU
		{DF6BF39D-6CCE-4B1D-9AB9-20812CB16C0A}.Debug|Any CPU.Build.0 = Debug|Any CPU
		{DF6BF39D-6CCE-4B1D-9AB9-20812CB16C0A}.Debug|x64.ActiveCfg = Debug|Any CPU
		{DF6BF39D-6CCE-4B1D-9AB9-20812CB16C0A}.Debug|x64.Build.0 = Debug|Any CPU
		{DF6BF39D-6CCE-4B1D-9AB9-20812CB16C0A}.Debug|x86.ActiveCfg = Debug|Any CPU
		{DF6BF39D-6CCE-4B1D-9AB9-20812CB16C0A}.Debug|x86.Build.0 = Debug|Any CPU
		{DF6BF39D-6CCE-4B1D-9AB9-20812CB16C0A}.Release|Any CPU.ActiveCfg = Release|Any CPU
		{DF6BF39D-6CCE-4B1D-9AB9-20812CB16C0A}.Release|Any CPU.Build.0 = Release|Any CPU
		{DF6BF39D-6CCE-4B1D-9AB9-20812CB16C0A}.Release|x64.ActiveCfg = Release|Any CPU
		{DF6BF39D-6CCE-4B1D-9AB9-20812CB16C0A}.Release|x64.Build.0 = Release|Any CPU
		{DF6BF39D-6CCE-4B1D-9AB9-20812CB16C0A}.Release|x86.ActiveCfg = Release|Any CPU
		{DF6BF39D-6CCE-4B1D-9AB9-20812CB16C0A}.Release|x86.Build.0 = Release|Any CPU
	EndGlobalSection
	GlobalSection(SolutionProperties) = preSolution
		HideSolutionNode = FALSE
	EndGlobalSection
	GlobalSection(NestedProjects) = preSolution
		{2C169DD3-ABC0-1D6E-217C-A08B89BDF4EC} = {175687FA-4EF3-499F-B68E-FA89AE299700}
		{524CD3AA-FDFE-441B-BE4C-9EE8CC707F5B} = {2C169DD3-ABC0-1D6E-217C-A08B89BDF4EC}
		{66CFCE97-62DE-452E-BE55-A70DEBC6C4D8} = {2C169DD3-ABC0-1D6E-217C-A08B89BDF4EC}
		{F84402E6-4502-4523-B419-6229F946F0D2} = {2C169DD3-ABC0-1D6E-217C-A08B89BDF4EC}
		{0B806853-196A-45B8-AF15-D0D74F4AF149} = {2C169DD3-ABC0-1D6E-217C-A08B89BDF4EC}
		{9F860D30-D125-4E1F-8801-BE9C49AE13F3} = {2C169DD3-ABC0-1D6E-217C-A08B89BDF4EC}
		{553D81D4-666B-BE26-75F9-480CB214ACEE} = {0AB3BF05-4346-4AA6-1389-037BE0695223}
		{ACF68DC6-9999-4BC2-AB06-4FC17D387D4C} = {553D81D4-666B-BE26-75F9-480CB214ACEE}
		{C979CFD4-EB13-4ED4-8178-58C7EC7C208E} = {175687FA-4EF3-499F-B68E-FA89AE299700}
		{EEF99AF8-20A8-486A-9223-332426511A2C} = {0AB3BF05-4346-4AA6-1389-037BE0695223}
		{DF6BF39D-6CCE-4B1D-9AB9-20812CB16C0A} = {0AB3BF05-4346-4AA6-1389-037BE0695223}
	EndGlobalSection
EndGlobal
